// !$*UTF8*$!
{
	archiveVersion = 1;
	classes = {
	};
	objectVersion = 46;
	objects = {

/* Begin PBXBuildFile section */
		A903108A18F4564D0056588E /* XCTest.framework in Frameworks */ = {isa = PBXBuildFile; fileRef = A903106B18F450840056588E /* XCTest.framework */; };
		A903109018F4564D0056588E /* InfoPlist.strings in Resources */ = {isa = PBXBuildFile; fileRef = A903108E18F4564D0056588E /* InfoPlist.strings */; };
		A903109718F456730056588E /* NSDateBuilderTest.m in Sources */ = {isa = PBXBuildFile; fileRef = A903108318F453BE0056588E /* NSDateBuilderTest.m */; };
		A903109818F456760056588E /* NSURLBuilderTest.m in Sources */ = {isa = PBXBuildFile; fileRef = A903107D18F451C90056588E /* NSURLBuilderTest.m */; };
		A903109918F4567F0056588E /* NSDate+JBWBuilders.m in Sources */ = {isa = PBXBuildFile; fileRef = A903108118F4534F0056588E /* NSDate+JBWBuilders.m */; };
		A903109A18F456810056588E /* NSURL+JBWBuilders.m in Sources */ = {isa = PBXBuildFile; fileRef = A903106318F44FF50056588E /* NSURL+JBWBuilders.m */; };
/* End PBXBuildFile section */

/* Begin PBXFileReference section */
		A903106218F44FF50056588E /* NSURL+JBWBuilders.h */ = {isa = PBXFileReference; lastKnownFileType = sourcecode.c.h; name = "NSURL+JBWBuilders.h"; path = "../NSURL+JBWBuilders.h"; sourceTree = "<group>"; };
		A903106318F44FF50056588E /* NSURL+JBWBuilders.m */ = {isa = PBXFileReference; lastKnownFileType = sourcecode.c.objc; name = "NSURL+JBWBuilders.m"; path = "../NSURL+JBWBuilders.m"; sourceTree = "<group>"; };
		A903106B18F450840056588E /* XCTest.framework */ = {isa = PBXFileReference; lastKnownFileType = wrapper.framework; name = XCTest.framework; path = Library/Frameworks/XCTest.framework; sourceTree = DEVELOPER_DIR; };
		A903106D18F450840056588E /* Foundation.framework */ = {isa = PBXFileReference; lastKnownFileType = wrapper.framework; name = Foundation.framework; path = Library/Frameworks/Foundation.framework; sourceTree = DEVELOPER_DIR; };
		A903106F18F450840056588E /* UIKit.framework */ = {isa = PBXFileReference; lastKnownFileType = wrapper.framework; name = UIKit.framework; path = Library/Frameworks/UIKit.framework; sourceTree = DEVELOPER_DIR; };
		A903107D18F451C90056588E /* NSURLBuilderTest.m */ = {isa = PBXFileReference; fileEncoding = 4; lastKnownFileType = sourcecode.c.objc; name = NSURLBuilderTest.m; path = "../Builder Tests/NSURLBuilderTest.m"; sourceTree = "<group>"; };
		A903108018F4534F0056588E /* NSDate+JBWBuilders.h */ = {isa = PBXFileReference; fileEncoding = 4; lastKnownFileType = sourcecode.c.h; name = "NSDate+JBWBuilders.h"; path = "../NSDate+JBWBuilders.h"; sourceTree = "<group>"; };
		A903108118F4534F0056588E /* NSDate+JBWBuilders.m */ = {isa = PBXFileReference; fileEncoding = 4; lastKnownFileType = sourcecode.c.objc; name = "NSDate+JBWBuilders.m"; path = "../NSDate+JBWBuilders.m"; sourceTree = "<group>"; };
		A903108318F453BE0056588E /* NSDateBuilderTest.m */ = {isa = PBXFileReference; fileEncoding = 4; lastKnownFileType = sourcecode.c.objc; name = NSDateBuilderTest.m; path = "../Builder Tests/NSDateBuilderTest.m"; sourceTree = "<group>"; };
		A903108918F4564D0056588E /* Tests.xctest */ = {isa = PBXFileReference; explicitFileType = wrapper.cfbundle; includeInIndex = 0; path = Tests.xctest; sourceTree = BUILT_PRODUCTS_DIR; };
		A903108D18F4564D0056588E /* Tests-Info.plist */ = {isa = PBXFileReference; lastKnownFileType = text.plist.xml; path = "Tests-Info.plist"; sourceTree = "<group>"; };
		A903108F18F4564D0056588E /* en */ = {isa = PBXFileReference; lastKnownFileType = text.plist.strings; name = en; path = en.lproj/InfoPlist.strings; sourceTree = "<group>"; };
		A903109318F4564D0056588E /* Tests-Prefix.pch */ = {isa = PBXFileReference; lastKnownFileType = sourcecode.c.h; path = "Tests-Prefix.pch"; sourceTree = "<group>"; };
/* End PBXFileReference section */

/* Begin PBXFrameworksBuildPhase section */
		A903108618F4564D0056588E /* Frameworks */ = {
			isa = PBXFrameworksBuildPhase;
			buildActionMask = 2147483647;
			files = (
				A903108A18F4564D0056588E /* XCTest.framework in Frameworks */,
			);
			runOnlyForDeploymentPostprocessing = 0;
		};
/* End PBXFrameworksBuildPhase section */

/* Begin PBXGroup section */
		A903105B18F44FC50056588E = {
			isa = PBXGroup;
			children = (
				A903106218F44FF50056588E /* NSURL+JBWBuilders.h */,
				A903106318F44FF50056588E /* NSURL+JBWBuilders.m */,
				A903108018F4534F0056588E /* NSDate+JBWBuilders.h */,
				A903108118F4534F0056588E /* NSDate+JBWBuilders.m */,
				A903108B18F4564D0056588E /* Tests */,
				A903106A18F450840056588E /* Frameworks */,
				A903106918F450840056588E /* Products */,
			);
			sourceTree = "<group>";
		};
		A903106918F450840056588E /* Products */ = {
			isa = PBXGroup;
			children = (
				A903108918F4564D0056588E /* Tests.xctest */,
			);
			name = Products;
			sourceTree = "<group>";
		};
		A903106A18F450840056588E /* Frameworks */ = {
			isa = PBXGroup;
			children = (
				A903106B18F450840056588E /* XCTest.framework */,
				A903106D18F450840056588E /* Foundation.framework */,
				A903106F18F450840056588E /* UIKit.framework */,
			);
			name = Frameworks;
			sourceTree = "<group>";
		};
		A903108B18F4564D0056588E /* Tests */ = {
			isa = PBXGroup;
			children = (
				A903107D18F451C90056588E /* NSURLBuilderTest.m */,
				A903108318F453BE0056588E /* NSDateBuilderTest.m */,
				A903108C18F4564D0056588E /* Supporting Files */,
			);
			path = Tests;
			sourceTree = "<group>";
		};
		A903108C18F4564D0056588E /* Supporting Files */ = {
			isa = PBXGroup;
			children = (
				A903108D18F4564D0056588E /* Tests-Info.plist */,
				A903108E18F4564D0056588E /* InfoPlist.strings */,
				A903109318F4564D0056588E /* Tests-Prefix.pch */,
			);
			name = "Supporting Files";
			sourceTree = "<group>";
		};
/* End PBXGroup section */

/* Begin PBXNativeTarget section */
		A903108818F4564D0056588E /* Tests */ = {
			isa = PBXNativeTarget;
			buildConfigurationList = A903109418F4564D0056588E /* Build configuration list for PBXNativeTarget "Tests" */;
			buildPhases = (
				A903108518F4564D0056588E /* Sources */,
				A903108618F4564D0056588E /* Frameworks */,
				A903108718F4564D0056588E /* Resources */,
			);
			buildRules = (
			);
			dependencies = (
			);
			name = Tests;
			productName = Tests;
			productReference = A903108918F4564D0056588E /* Tests.xctest */;
			productType = "com.apple.product-type.bundle.unit-test";
		};
/* End PBXNativeTarget section */

/* Begin PBXProject section */
		A903105C18F44FC50056588E /* Project object */ = {
			isa = PBXProject;
			attributes = {
				LastUpgradeCheck = 0510;
			};
			buildConfigurationList = A903105F18F44FC50056588E /* Build configuration list for PBXProject "Builders" */;
			compatibilityVersion = "Xcode 3.2";
			developmentRegion = English;
			hasScannedForEncodings = 0;
			knownRegions = (
				en,
			);
			mainGroup = A903105B18F44FC50056588E;
			productRefGroup = A903106918F450840056588E /* Products */;
			projectDirPath = "";
			projectRoot = "";
			targets = (
				A903108818F4564D0056588E /* Tests */,
			);
		};
/* End PBXProject section */

/* Begin PBXResourcesBuildPhase section */
		A903108718F4564D0056588E /* Resources */ = {
			isa = PBXResourcesBuildPhase;
			buildActionMask = 2147483647;
			files = (
				A903109018F4564D0056588E /* InfoPlist.strings in Resources */,
			);
			runOnlyForDeploymentPostprocessing = 0;
		};
/* End PBXResourcesBuildPhase section */

/* Begin PBXSourcesBuildPhase section */
		A903108518F4564D0056588E /* Sources */ = {
			isa = PBXSourcesBuildPhase;
			buildActionMask = 2147483647;
			files = (
				A903109918F4567F0056588E /* NSDate+JBWBuilders.m in Sources */,
				A903109818F456760056588E /* NSURLBuilderTest.m in Sources */,
				A903109A18F456810056588E /* NSURL+JBWBuilders.m in Sources */,
				A903109718F456730056588E /* NSDateBuilderTest.m in Sources */,
			);
			runOnlyForDeploymentPostprocessing = 0;
		};
/* End PBXSourcesBuildPhase section */

/* Begin PBXVariantGroup section */
		A903108E18F4564D0056588E /* InfoPlist.strings */ = {
			isa = PBXVariantGroup;
			children = (
				A903108F18F4564D0056588E /* en */,
			);
			name = InfoPlist.strings;
			sourceTree = "<group>";
		};
/* End PBXVariantGroup section */

/* Begin XCBuildConfiguration section */
		A903106018F44FC50056588E /* Debug */ = {
			isa = XCBuildConfiguration;
			buildSettings = {
			};
			name = Debug;
		};
		A903106118F44FC50056588E /* Release */ = {
			isa = XCBuildConfiguration;
			buildSettings = {
			};
			name = Release;
		};
		A903109518F4564D0056588E /* Debug */ = {
			isa = XCBuildConfiguration;
			buildSettings = {
				ALWAYS_SEARCH_USER_PATHS = NO;
				CLANG_CXX_LANGUAGE_STANDARD = "gnu++0x";
				CLANG_CXX_LIBRARY = "libc++";
				CLANG_ENABLE_MODULES = YES;
				CLANG_ENABLE_OBJC_ARC = YES;
				CLANG_WARN_BOOL_CONVERSION = YES;
				CLANG_WARN_CONSTANT_CONVERSION = YES;
				CLANG_WARN_DIRECT_OBJC_ISA_USAGE = YES_ERROR;
				CLANG_WARN_EMPTY_BODY = YES;
				CLANG_WARN_ENUM_CONVERSION = YES;
				CLANG_WARN_INT_CONVERSION = YES;
				CLANG_WARN_OBJC_ROOT_CLASS = YES_ERROR;
				CLANG_WARN__DUPLICATE_METHOD_MATCH = YES;
				COPY_PHASE_STRIP = NO;
				FRAMEWORK_SEARCH_PATHS = (
					"$(DEVELOPER_FRAMEWORKS_DIR)",
					"$(inherited)",
				);
				GCC_C_LANGUAGE_STANDARD = gnu99;
				GCC_DYNAMIC_NO_PIC = NO;
				GCC_ENABLE_OBJC_EXCEPTIONS = YES;
				GCC_OPTIMIZATION_LEVEL = 0;
				GCC_PRECOMPILE_PREFIX_HEADER = YES;
				GCC_PREFIX_HEADER = "Tests/Tests-Prefix.pch";
				GCC_PREPROCESSOR_DEFINITIONS = (
					"DEBUG=1",
					"$(inherited)",
				);
				GCC_SYMBOLS_PRIVATE_EXTERN = NO;
				GCC_WARN_64_TO_32_BIT_CONVERSION = YES;
				GCC_WARN_ABOUT_RETURN_TYPE = YES_ERROR;
				GCC_WARN_UNDECLARED_SELECTOR = YES;
				GCC_WARN_UNINITIALIZED_AUTOS = YES_AGGRESSIVE;
				GCC_WARN_UNUSED_FUNCTION = YES;
				GCC_WARN_UNUSED_VARIABLE = YES;
				INFOPLIST_FILE = "Tests/Tests-Info.plist";
				MACOSX_DEPLOYMENT_TARGET = 10.9;
				ONLY_ACTIVE_ARCH = YES;
				PRODUCT_NAME = "$(TARGET_NAME)";
				SDKROOT = macosx;
				WRAPPER_EXTENSION = xctest;
			};
			name = Debug;
		};
		A903109618F4564D0056588E /* Release */ = {
			isa = XCBuildConfiguration;
			buildSettings = {
				ALWAYS_SEARCH_USER_PATHS = NO;
				CLANG_CXX_LANGUAGE_STANDARD = "gnu++0x";
				CLANG_CXX_LIBRARY = "libc++";
				CLANG_ENABLE_MODULES = YES;
				CLANG_ENABLE_OBJC_ARC = YES;
				CLANG_WARN_BOOL_CONVERSION = YES;
				CLANG_WARN_CONSTANT_CONVERSION = YES;
				CLANG_WARN_DIRECT_OBJC_ISA_USAGE = YES_ERROR;
				CLANG_WARN_EMPTY_BODY = YES;
				CLANG_WARN_ENUM_CONVERSION = YES;
				CLANG_WARN_INT_CONVERSION = YES;
				CLANG_WARN_OBJC_ROOT_CLASS = YES_ERROR;
				CLANG_WARN__DUPLICATE_METHOD_MATCH = YES;
				COPY_PHASE_STRIP = YES;
				DEBUG_INFORMATION_FORMAT = "dwarf-with-dsym";
				ENABLE_NS_ASSERTIONS = NO;
				FRAMEWORK_SEARCH_PATHS = (
					"$(DEVELOPER_FRAMEWORKS_DIR)",
					"$(inherited)",
				);
				GCC_C_LANGUAGE_STANDARD = gnu99;
				GCC_ENABLE_OBJC_EXCEPTIONS = YES;
				GCC_PRECOMPILE_PREFIX_HEADER = YES;
				GCC_PREFIX_HEADER = "Tests/Tests-Prefix.pch";
				GCC_WARN_64_TO_32_BIT_CONVERSION = YES;
				GCC_WARN_ABOUT_RETURN_TYPE = YES_ERROR;
				GCC_WARN_UNDECLARED_SELECTOR = YES;
				GCC_WARN_UNINITIALIZED_AUTOS = YES_AGGRESSIVE;
				GCC_WARN_UNUSED_FUNCTION = YES;
				GCC_WARN_UNUSED_VARIABLE = YES;
				INFOPLIST_FILE = "Tests/Tests-Info.plist";
				MACOSX_DEPLOYMENT_TARGET = 10.9;
				PRODUCT_NAME = "$(TARGET_NAME)";
				SDKROOT = macosx;
				WRAPPER_EXTENSION = xctest;
			};
			name = Release;
		};
/* End XCBuildConfiguration section */

/* Begin XCConfigurationList section */
		A903105F18F44FC50056588E /* Build configuration list for PBXProject "Builders" */ = {
			isa = XCConfigurationList;
			buildConfigurations = (
				A903106018F44FC50056588E /* Debug */,
				A903106118F44FC50056588E /* Release */,
			);
			defaultConfigurationIsVisible = 0;
			defaultConfigurationName = Release;
		};
		A903109418F4564D0056588E /* Build configuration list for PBXNativeTarget "Tests" */ = {
			isa = XCConfigurationList;
			buildConfigurations = (
				A903109518F4564D0056588E /* Debug */,
				A903109618F4564D0056588E /* Release */,
			);
			defaultConfigurationIsVisible = 0;
		};
/* End XCConfigurationList section */
	};
	rootObject = A903105C18F44FC50056588E /* Project object */;
}
